<?xml version="1.0" encoding="utf-8"?>
<Project ToolsVersion="4.0" xmlns="http://schemas.microsoft.com/developer/msbuild/2003">
  <ItemGroup>
    <Filter Include="Source Files">
      <UniqueIdentifier>{4FC737F1-C7A5-4376-A066-2A32D752A2FF}</UniqueIdentifier>
      <Extensions>cpp;c;cc;cxx;def;odl;idl;hpj;bat;asm;asmx</Extensions>
    </Filter>
    <Filter Include="Header Files">
      <UniqueIdentifier>{93995380-89BD-4b04-88EB-625FBE52EBFB}</UniqueIdentifier>
      <Extensions>h;hh;hpp;hxx;hm;inl;inc;xsd</Extensions>
    </Filter>
    <Filter Include="Resource Files">
      <UniqueIdentifier>{67DA6AB6-F800-4c08-8B7A-83BB121AAD01}</UniqueIdentifier>
      <Extensions>rc;ico;cur;bmp;dlg;rc2;rct;bin;rgs;gif;jpg;jpeg;jpe;resx;tiff;tif;png;wav</Extensions>
    </Filter>
  </ItemGroup>
  <ItemGroup>
    <ClCompile Include="src\main.cpp">
      <Filter>Source Files</Filter>
    </ClCompile>
    <ClCompile Include="src\engine\Allocator.cpp">
      <Filter>Source Files</Filter>
    </ClCompile>
    <ClCompile Include="src\engine\Config.cpp">
      <Filter>Source Files</Filter>
    </ClCompile>
    <ClCompile Include="src\engine\DebugPrint.cpp">
      <Filter>Source Files</Filter>
    </ClCompile>
    <ClCompile Include="src\engine\MemoryUsage.cpp">
      <Filter>Source Files</Filter>
    </ClCompile>
    <ClCompile Include="src\engine\Random.cpp">
      <Filter>Source Files</Filter>
    </ClCompile>
    <ClCompile Include="src\engine\SimpleTimer.cpp">
      <Filter>Source Files</Filter>
    </ClCompile>
    <ClCompile Include="src\engine\System.cpp">
      <Filter>Source Files</Filter>
    </ClCompile>
    <ClCompile Include="src\engine\event\EventHandler.cpp">
      <Filter>Source Files</Filter>
    </ClCompile>
    <ClCompile Include="src\engine\graphics\ParticleSystem.cpp">
      <Filter>Source Files</Filter>
    </ClCompile>
    <ClCompile Include="src\engine\graphics\Texture.cpp">
      <Filter>Source Files</Filter>
    </ClCompile>
    <ClCompile Include="src\engine\input\Input.cpp">
      <Filter>Source Files</Filter>
    </ClCompile>
    <ClCompile Include="src\engine\messaging\Message.cpp">
      <Filter>Source Files</Filter>
    </ClCompile>
    <ClCompile Include="src\engine\messaging\MessageSystem.cpp">
      <Filter>Source Files</Filter>
    </ClCompile>
    <ClCompile Include="src\engine\render\Renderer.cpp">
      <Filter>Source Files</Filter>
    </ClCompile>
    <ClCompile Include="src\engine\sound\SoundSystem.cpp">
      <Filter>Source Files</Filter>
    </ClCompile>
    <ClCompile Include="src\game\Game.cpp">
      <Filter>Source Files</Filter>
    </ClCompile>
    <ClCompile Include="src\game\levels\GameLevel.cpp">
      <Filter>Source Files</Filter>
    </ClCompile>
    <ClCompile Include="src\game\objects\GameObject.cpp">
      <Filter>Source Files</Filter>
    </ClCompile>
    <ClCompile Include="src\game\objects\MovableGameObject.cpp">
      <Filter>Source Files</Filter>
    </ClCompile>
    <ClCompile Include="src\game\objects\PlayerGameObject.cpp">
      <Filter>Source Files</Filter>
    </ClCompile>
    <ClCompile Include="src\game\objects\ui\UiGameObject.cpp">
      <Filter>Source Files</Filter>
    </ClCompile>
  </ItemGroup>
  <ItemGroup>
    <ClInclude Include="include\engine\Allocator.h">
      <Filter>Header Files</Filter>
    </ClInclude>
    <ClInclude Include="include\engine\Config.h">
      <Filter>Header Files</Filter>
    </ClInclude>
    <ClInclude Include="include\engine\DebugInfo.h">
      <Filter>Header Files</Filter>
    </ClInclude>
    <ClInclude Include="include\engine\DebugPrint.h">
      <Filter>Header Files</Filter>
    </ClInclude>
    <ClInclude Include="include\engine\MemoryUsage.h">
      <Filter>Header Files</Filter>
    </ClInclude>
    <ClInclude Include="include\engine\Random.h">
      <Filter>Header Files</Filter>
    </ClInclude>
    <ClInclude Include="include\engine\SimpleTimer.h">
      <Filter>Header Files</Filter>
    </ClInclude>
    <ClInclude Include="include\engine\System.h">
      <Filter>Header Files</Filter>
    </ClInclude>
    <ClInclude Include="include\engine\event\Event.h">
      <Filter>Header Files</Filter>
    </ClInclude>
    <ClInclude Include="include\engine\event\EventHandler.h">
      <Filter>Header Files</Filter>
    </ClInclude>
    <ClInclude Include="include\engine\event\EventType.h">
      <Filter>Header Files</Filter>
    </ClInclude>
    <ClInclude Include="include\engine\graphics\Particle.h">
      <Filter>Header Files</Filter>
    </ClInclude>
    <ClInclude Include="include\engine\graphics\ParticleSystem.h">
      <Filter>Header Files</Filter>
    </ClInclude>
    <ClInclude Include="include\engine\graphics\RGBColor.h">
      <Filter>Header Files</Filter>
    </ClInclude>
    <ClInclude Include="include\engine\graphics\Texture.h">
      <Filter>Header Files</Filter>
    </ClInclude>
    <ClInclude Include="include\engine\input\Input.h">
      <Filter>Header Files</Filter>
    </ClInclude>
    <ClInclude Include="include\engine\math\Vec2.h">
      <Filter>Header Files</Filter>
    </ClInclude>
    <ClInclude Include="include\engine\messaging\Message.h">
      <Filter>Header Files</Filter>
    </ClInclude>
    <ClInclude Include="include\engine\messaging\MessageSystem.h">
      <Filter>Header Files</Filter>
    </ClInclude>
    <ClInclude Include="include\engine\render\Renderer.h">
      <Filter>Header Files</Filter>
    </ClInclude>
    <ClInclude Include="include\engine\sound\SoundSystem.h">
      <Filter>Header Files</Filter>
    </ClInclude>
    <ClInclude Include="include\game\Game.h">
      <Filter>Header Files</Filter>
    </ClInclude>
    <ClInclude Include="include\game\levels\GameLevel.h">
      <Filter>Header Files</Filter>
    </ClInclude>
    <ClInclude Include="include\game\objects\GameObject.h">
      <Filter>Header Files</Filter>
    </ClInclude>
    <ClInclude Include="include\game\objects\GameObjectType.h">
      <Filter>Header Files</Filter>
    </ClInclude>
    <ClInclude Include="include\game\objects\IControllable.h">
      <Filter>Header Files</Filter>
    </ClInclude>
    <ClInclude Include="include\game\objects\IMovable.h">
      <Filter>Header Files</Filter>
    </ClInclude>
    <ClInclude Include="include\game\objects\MovableGameObject.h">
      <Filter>Header Files</Filter>
    </ClInclude>
    <ClInclude Include="include\game\objects\PlayerGameObject.h">
      <Filter>Header Files</Filter>
    </ClInclude>
    <ClInclude Include="include\game\objects\ui\UiGameObject.h">
      <Filter>Header Files</Filter>
    </ClInclude>
  </ItemGroup>
</Project>